Microsoft Visual Studio Solution File, Format Version 11.00
# Visual Studio 2015
Project("{4E2319AF-56B8-4237-2143-67DFEF047125}") = "GRRNLRR", "GRRNLRR.vcxproj", "{7E2F1099-C79A-BBEC-8BF3-3E97B50D3EA7}"
EndProject
Global
	GlobalSection(SolutionConfigurationPlatforms) = preSolution
		Debug|x64 = Debug|x64
		Release|x64 = Release|x64
	EndGlobalSection
	GlobalSection(ProjectConfigurationPlatforms) = postSolution
		{7E2F1099-C79A-BBEC-8BF3-3E97B50D3EA7}.Debug|x64.ActiveCfg = Debug|x64
		{7E2F1099-C79A-BBEC-8BF3-3E97B50D3EA7}.Debug|x64.Build.0 = Debug|x64
		{7E2F1099-C79A-BBEC-8BF3-3E97B50D3EA7}.Release|x64.ActiveCfg = Release|x64
		{7E2F1099-C79A-BBEC-8BF3-3E97B50D3EA7}.Release|x64.Build.0 = Release|x64
	EndGlobalSection
	GlobalSection(SolutionProperties) = preSolution
		HideSolutionNode = FALSE
	EndGlobalSection
EndGlobal
